
Microsoft Visual Studio Solution File, Format Version 12.00
# Visual Studio Version 17
VisualStudioVersion = 17.14.36511.14 d17.14
MinimumVisualStudioVersion = 10.0.40219.1
Project("{FAE04EC0-301F-11D3-BF4B-00C04F79EFBC}") = "Navigation", "Navigation\Navigation.csproj", "{955D2769-A8FA-48DB-9333-C80303477D45}"
EndProject
Global
	GlobalSection(SolutionConfigurationPlatforms) = preSolution
		Debug|Any CPU = Debug|Any CPU
		Release|Any CPU = Release|Any CPU
	EndGlobalSection
	GlobalSection(ProjectConfigurationPlatforms) = postSolution
		{955D2769-A8FA-48DB-9333-C80303477D45}.Debug|Any CPU.ActiveCfg = Debug|Any CPU
		{955D2769-A8FA-48DB-9333-C80303477D45}.Debug|Any CPU.Build.0 = Debug|Any CPU
		{955D2769-A8FA-48DB-9333-C80303477D45}.Release|Any CPU.ActiveCfg = Release|Any CPU
		{955D2769-A8FA-48DB-9333-C80303477D45}.Release|Any CPU.Build.0 = Release|Any CPU
	EndGlobalSection
	GlobalSection(SolutionProperties) = preSolution
		HideSolutionNode = FALSE
	EndGlobalSection
	GlobalSection(ExtensibilityGlobals) = postSolution
		SolutionGuid = {FB7FFC68-ECE5-41EE-B59C-2B0758809256}
	EndGlobalSection
EndGlobal
