
Microsoft Visual Studio Solution File, Format Version 12.00
# Visual Studio Version 17
VisualStudioVersion = 17.14.36511.14 d17.14
MinimumVisualStudioVersion = 10.0.40219.1
Project("{FAE04EC0-301F-11D3-BF4B-00C04F79EFBC}") = "Polymorphism with Downcasting", "Polymorphism with Downcasting\Polymorphism with Downcasting.csproj", "{14DEAEBB-23D8-49DD-B9CA-1A33A0772F83}"
EndProject
Global
	GlobalSection(SolutionConfigurationPlatforms) = preSolution
		Debug|Any CPU = Debug|Any CPU
		Release|Any CPU = Release|Any CPU
	EndGlobalSection
	GlobalSection(ProjectConfigurationPlatforms) = postSolution
		{14DEAEBB-23D8-49DD-B9CA-1A33A0772F83}.Debug|Any CPU.ActiveCfg = Debug|Any CPU
		{14DEAEBB-23D8-49DD-B9CA-1A33A0772F83}.Debug|Any CPU.Build.0 = Debug|Any CPU
		{14DEAEBB-23D8-49DD-B9CA-1A33A0772F83}.Release|Any CPU.ActiveCfg = Release|Any CPU
		{14DEAEBB-23D8-49DD-B9CA-1A33A0772F83}.Release|Any CPU.Build.0 = Release|Any CPU
	EndGlobalSection
	GlobalSection(SolutionProperties) = preSolution
		HideSolutionNode = FALSE
	EndGlobalSection
	GlobalSection(ExtensibilityGlobals) = postSolution
		SolutionGuid = {27577578-1D3B-4DBE-AD99-50D10464D113}
	EndGlobalSection
EndGlobal
